// !$*UTF8*$!
{
	archiveVersion = 1;
	classes = {
	};
	objectVersion = 77;
	objects = {

/* Begin PBXContainerItemProxy section */
		D94E85552DEC260F006F26F5 /* PBXContainerItemProxy */ = {
			isa = PBXContainerItemProxy;
			containerPortal = D94E853F2DEC260A006F26F5 /* Project object */;
			proxyType = 1;
			remoteGlobalIDString = D94E85462DEC260A006F26F5;
			remoteInfo = TCAInspiredVIPER;
		};
		D94E855F2DEC260F006F26F5 /* PBXContainerItemProxy */ = {
			isa = PBXContainerItemProxy;
			containerPortal = D94E853F2DEC260A006F26F5 /* Project object */;
			proxyType = 1;
			remoteGlobalIDString = D94E85462DEC260A006F26F5;
			remoteInfo = TCAInspiredVIPER;
		};
/* End PBXContainerItemProxy section */

/* Begin PBXFileReference section */
		D94E85472DEC260A006F26F5 /* TCAInspiredVIPER.app */ = {isa = PBXFileReference; explicitFileType = wrapper.application; includeInIndex = 0; path = TCAInspiredVIPER.app; sourceTree = BUILT_PRODUCTS_DIR; };
		D94E85542DEC260F006F26F5 /* TCAInspiredVIPERTests.xctest */ = {isa = PBXFileReference; explicitFileType = wrapper.cfbundle; includeInIndex = 0; path = TCAInspiredVIPERTests.xctest; sourceTree = BUILT_PRODUCTS_DIR; };
		D94E855E2DEC260F006F26F5 /* TCAInspiredVIPERUITests.xctest */ = {isa = PBXFileReference; explicitFileType = wrapper.cfbundle; includeInIndex = 0; path = TCAInspiredVIPERUITests.xctest; sourceTree = BUILT_PRODUCTS_DIR; };
/* End PBXFileReference section */

/* Begin PBXFileSystemSynchronizedRootGroup section */
		D94E85492DEC260A006F26F5 /* TCAInspiredVIPER */ = {
			isa = PBXFileSystemSynchronizedRootGroup;
			path = TCAInspiredVIPER;
			sourceTree = "<group>";
		};
		D94E85572DEC260F006F26F5 /* TCAInspiredVIPERTests */ = {
			isa = PBXFileSystemSynchronizedRootGroup;
			path = TCAInspiredVIPERTests;
			sourceTree = "<group>";
		};
		D94E85612DEC260F006F26F5 /* TCAInspiredVIPERUITests */ = {
			isa = PBXFileSystemSynchronizedRootGroup;
			path = TCAInspiredVIPERUITests;
			sourceTree = "<group>";
		};
/* End PBXFileSystemSynchronizedRootGroup section */

/* Begin PBXFrameworksBuildPhase section */
		D94E85442DEC260A006F26F5 /* Frameworks */ = {
			isa = PBXFrameworksBuildPhase;
			buildActionMask = 2147483647;
			files = (
			);
			runOnlyForDeploymentPostprocessing = 0;
		};
		D94E85512DEC260F006F26F5 /* Frameworks */ = {
			isa = PBXFrameworksBuildPhase;
			buildActionMask = 2147483647;
			files = (
			);
			runOnlyForDeploymentPostprocessing = 0;
		};
		D94E855B2DEC260F006F26F5 /* Frameworks */ = {
			isa = PBXFrameworksBuildPhase;
			buildActionMask = 2147483647;
			files = (
			);
			runOnlyForDeploymentPostprocessing = 0;
		};
/* End PBXFrameworksBuildPhase section */

/* Begin PBXGroup section */
		D94E853E2DEC260A006F26F5 = {
			isa = PBXGroup;
			children = (
				D94E85492DEC260A006F26F5 /* TCAInspiredVIPER */,
				D94E85572DEC260F006F26F5 /* TCAInspiredVIPERTests */,
				D94E85612DEC260F006F26F5 /* TCAInspiredVIPERUITests */,
				D94E85482DEC260A006F26F5 /* Products */,
			);
			sourceTree = "<group>";
		};
		D94E85482DEC260A006F26F5 /* Products */ = {
			isa = PBXGroup;
			children = (
				D94E85472DEC260A006F26F5 /* TCAInspiredVIPER.app */,
				D94E85542DEC260F006F26F5 /* TCAInspiredVIPERTests.xctest */,
				D94E855E2DEC260F006F26F5 /* TCAInspiredVIPERUITests.xctest */,
			);
			name = Products;
			sourceTree = "<group>";
		};
/* End PBXGroup section */

/* Begin PBXNativeTarget section */
		D94E85462DEC260A006F26F5 /* TCAInspiredVIPER */ = {
			isa = PBXNativeTarget;
			buildConfigurationList = D94E85682DEC260F006F26F5 /* Build configuration list for PBXNativeTarget "TCAInspiredVIPER" */;
			buildPhases = (
				D94E85432DEC260A006F26F5 /* Sources */,
				D94E85442DEC260A006F26F5 /* Frameworks */,
				D94E85452DEC260A006F26F5 /* Resources */,
			);
			buildRules = (
			);
			dependencies = (
			);
			fileSystemSynchronizedGroups = (
				D94E85492DEC260A006F26F5 /* TCAInspiredVIPER */,
			);
			name = TCAInspiredVIPER;
			packageProductDependencies = (
			);
			productName = TCAInspiredVIPER;
			productReference = D94E85472DEC260A006F26F5 /* TCAInspiredVIPER.app */;
			productType = "com.apple.product-type.application";
		};
		D94E85532DEC260F006F26F5 /* TCAInspiredVIPERTests */ = {
			isa = PBXNativeTarget;
			buildConfigurationList = D94E856B2DEC260F006F26F5 /* Build configuration list for PBXNativeTarget "TCAInspiredVIPERTests" */;
			buildPhases = (
				D94E85502DEC260F006F26F5 /* Sources */,
				D94E85512DEC260F006F26F5 /* Frameworks */,
				D94E85522DEC260F006F26F5 /* Resources */,
			);
			buildRules = (
			);
			dependencies = (
				D94E85562DEC260F006F26F5 /* PBXTargetDependency */,
			);
			fileSystemSynchronizedGroups = (
				D94E85572DEC260F006F26F5 /* TCAInspiredVIPERTests */,
			);
			name = TCAInspiredVIPERTests;
			packageProductDependencies = (
			);
			productName = TCAInspiredVIPERTests;
			productReference = D94E85542DEC260F006F26F5 /* TCAInspiredVIPERTests.xctest */;
			productType = "com.apple.product-type.bundle.unit-test";
		};
		D94E855D2DEC260F006F26F5 /* TCAInspiredVIPERUITests */ = {
			isa = PBXNativeTarget;
			buildConfigurationList = D94E856E2DEC260F006F26F5 /* Build configuration list for PBXNativeTarget "TCAInspiredVIPERUITests" */;
			buildPhases = (
				D94E855A2DEC260F006F26F5 /* Sources */,
				D94E855B2DEC260F006F26F5 /* Frameworks */,
				D94E855C2DEC260F006F26F5 /* Resources */,
			);
			buildRules = (
			);
			dependencies = (
				D94E85602DEC260F006F26F5 /* PBXTargetDependency */,
			);
			fileSystemSynchronizedGroups = (
				D94E85612DEC260F006F26F5 /* TCAInspiredVIPERUITests */,
			);
			name = TCAInspiredVIPERUITests;
			packageProductDependencies = (
			);
			productName = TCAInspiredVIPERUITests;
			productReference = D94E855E2DEC260F006F26F5 /* TCAInspiredVIPERUITests.xctest */;
			productType = "com.apple.product-type.bundle.ui-testing";
		};
/* End PBXNativeTarget section */

/* Begin PBXProject section */
		D94E853F2DEC260A006F26F5 /* Project object */ = {
			isa = PBXProject;
			attributes = {
				BuildIndependentTargetsInParallel = 1;
				LastSwiftUpdateCheck = 1630;
				LastUpgradeCheck = 1630;
				TargetAttributes = {
					D94E85462DEC260A006F26F5 = {
						CreatedOnToolsVersion = 16.3;
					};
					D94E85532DEC260F006F26F5 = {
						CreatedOnToolsVersion = 16.3;
						TestTargetID = D94E85462DEC260A006F26F5;
					};
					D94E855D2DEC260F006F26F5 = {
						CreatedOnToolsVersion = 16.3;
						TestTargetID = D94E85462DEC260A006F26F5;
					};
				};
			};
			buildConfigurationList = D94E85422DEC260A006F26F5 /* Build configuration list for PBXProject "TCAInspiredVIPER" */;
			developmentRegion = en;
			hasScannedForEncodings = 0;
			knownRegions = (
				en,
				Base,
			);
			mainGroup = D94E853E2DEC260A006F26F5;
			minimizedProjectReferenceProxies = 1;
			preferredProjectObjectVersion = 77;
			productRefGroup = D94E85482DEC260A006F26F5 /* Products */;
			projectDirPath = "";
			projectRoot = "";
			targets = (
				D94E85462DEC260A006F26F5 /* TCAInspiredVIPER */,
				D94E85532DEC260F006F26F5 /* TCAInspiredVIPERTests */,
				D94E855D2DEC260F006F26F5 /* TCAInspiredVIPERUITests */,
			);
		};
/* End PBXProject section */

/* Begin PBXResourcesBuildPhase section */
		D94E85452DEC260A006F26F5 /* Resources */ = {
			isa = PBXResourcesBuildPhase;
			buildActionMask = 2147483647;
			files = (
			);
			runOnlyForDeploymentPostprocessing = 0;
		};
		D94E85522DEC260F006F26F5 /* Resources */ = {
			isa = PBXResourcesBuildPhase;
			buildActionMask = 2147483647;
			files = (
			);
			runOnlyForDeploymentPostprocessing = 0;
		};
		D94E855C2DEC260F006F26F5 /* Resources */ = {
			isa = PBXResourcesBuildPhase;
			buildActionMask = 2147483647;
			files = (
			);
			runOnlyForDeploymentPostprocessing = 0;
		};
/* End PBXResourcesBuildPhase section */

/* Begin PBXSourcesBuildPhase section */
		D94E85432DEC260A006F26F5 /* Sources */ = {
			isa = PBXSourcesBuildPhase;
			buildActionMask = 2147483647;
			files = (
			);
			runOnlyForDeploymentPostprocessing = 0;
		};
		D94E85502DEC260F006F26F5 /* Sources */ = {
			isa = PBXSourcesBuildPhase;
			buildActionMask = 2147483647;
			files = (
			);
			runOnlyForDeploymentPostprocessing = 0;
		};
		D94E855A2DEC260F006F26F5 /* Sources */ = {
			isa = PBXSourcesBuildPhase;
			buildActionMask = 2147483647;
			files = (
			);
			runOnlyForDeploymentPostprocessing = 0;
		};
/* End PBXSourcesBuildPhase section */

/* Begin PBXTargetDependency section */
		D94E85562DEC260F006F26F5 /* PBXTargetDependency */ = {
			isa = PBXTargetDependency;
			target = D94E85462DEC260A006F26F5 /* TCAInspiredVIPER */;
			targetProxy = D94E85552DEC260F006F26F5 /* PBXContainerItemProxy */;
		};
		D94E85602DEC260F006F26F5 /* PBXTargetDependency */ = {
			isa = PBXTargetDependency;
			target = D94E85462DEC260A006F26F5 /* TCAInspiredVIPER */;
			targetProxy = D94E855F2DEC260F006F26F5 /* PBXContainerItemProxy */;
		};
/* End PBXTargetDependency section */

/* Begin XCBuildConfiguration section */
		D94E85662DEC260F006F26F5 /* Debug */ = {
			isa = XCBuildConfiguration;
			buildSettings = {
				ALWAYS_SEARCH_USER_PATHS = NO;
				ASSETCATALOG_COMPILER_GENERATE_SWIFT_ASSET_SYMBOL_EXTENSIONS = YES;
				CLANG_ANALYZER_NONNULL = YES;
				CLANG_ANALYZER_NUMBER_OBJECT_CONVERSION = YES_AGGRESSIVE;
				CLANG_CXX_LANGUAGE_STANDARD = "gnu++20";
				CLANG_ENABLE_MODULES = YES;
				CLANG_ENABLE_OBJC_ARC = YES;
				CLANG_ENABLE_OBJC_WEAK = YES;
				CLANG_WARN_BLOCK_CAPTURE_AUTORELEASING = YES;
				CLANG_WARN_BOOL_CONVERSION = YES;
				CLANG_WARN_COMMA = YES;
				CLANG_WARN_CONSTANT_CONVERSION = YES;
				CLANG_WARN_DEPRECATED_OBJC_IMPLEMENTATIONS = YES;
				CLANG_WARN_DIRECT_OBJC_ISA_USAGE = YES_ERROR;
				CLANG_WARN_DOCUMENTATION_COMMENTS = YES;
				CLANG_WARN_EMPTY_BODY = YES;
				CLANG_WARN_ENUM_CONVERSION = YES;
				CLANG_WARN_INFINITE_RECURSION = YES;
				CLANG_WARN_INT_CONVERSION = YES;
				CLANG_WARN_NON_LITERAL_NULL_CONVERSION = YES;
				CLANG_WARN_OBJC_IMPLICIT_RETAIN_SELF = YES;
				CLANG_WARN_OBJC_LITERAL_CONVERSION = YES;
				CLANG_WARN_OBJC_ROOT_CLASS = YES_ERROR;
				CLANG_WARN_QUOTED_INCLUDE_IN_FRAMEWORK_HEADER = YES;
				CLANG_WARN_RANGE_LOOP_ANALYSIS = YES;
				CLANG_WARN_STRICT_PROTOTYPES = YES;
				CLANG_WARN_SUSPICIOUS_MOVE = YES;
				CLANG_WARN_UNGUARDED_AVAILABILITY = YES_AGGRESSIVE;
				CLANG_WARN_UNREACHABLE_CODE = YES;
				CLANG_WARN__DUPLICATE_METHOD_MATCH = YES;
				COPY_PHASE_STRIP = NO;
				DEBUG_INFORMATION_FORMAT = dwarf;
				ENABLE_STRICT_OBJC_MSGSEND = YES;
				ENABLE_TESTABILITY = YES;
				ENABLE_USER_SCRIPT_SANDBOXING = YES;
				GCC_C_LANGUAGE_STANDARD = gnu17;
				GCC_DYNAMIC_NO_PIC = NO;
				GCC_NO_COMMON_BLOCKS = YES;
				GCC_OPTIMIZATION_LEVEL = 0;
				GCC_PREPROCESSOR_DEFINITIONS = (
					"DEBUG=1",
					"$(inherited)",
				);
				GCC_WARN_64_TO_32_BIT_CONVERSION = YES;
				GCC_WARN_ABOUT_RETURN_TYPE = YES_ERROR;
				GCC_WARN_UNDECLARED_SELECTOR = YES;
				GCC_WARN_UNINITIALIZED_AUTOS = YES_AGGRESSIVE;
				GCC_WARN_UNUSED_FUNCTION = YES;
				GCC_WARN_UNUSED_VARIABLE = YES;
				IPHONEOS_DEPLOYMENT_TARGET = 18.4;
				LOCALIZATION_PREFERS_STRING_CATALOGS = YES;
				MTL_ENABLE_DEBUG_INFO = INCLUDE_SOURCE;
				MTL_FAST_MATH = YES;
				ONLY_ACTIVE_ARCH = YES;
				SDKROOT = iphoneos;
				SWIFT_ACTIVE_COMPILATION_CONDITIONS = "DEBUG $(inherited)";
				SWIFT_OPTIMIZATION_LEVEL = "-Onone";
			};
			name = Debug;
		};
		D94E85672DEC260F006F26F5 /* Release */ = {
			isa = XCBuildConfiguration;
			buildSettings = {
				ALWAYS_SEARCH_USER_PATHS = NO;
				ASSETCATALOG_COMPILER_GENERATE_SWIFT_ASSET_SYMBOL_EXTENSIONS = YES;
				CLANG_ANALYZER_NONNULL = YES;
				CLANG_ANALYZER_NUMBER_OBJECT_CONVERSION = YES_AGGRESSIVE;
				CLANG_CXX_LANGUAGE_STANDARD = "gnu++20";
				CLANG_ENABLE_MODULES = YES;
				CLANG_ENABLE_OBJC_ARC = YES;
				CLANG_ENABLE_OBJC_WEAK = YES;
				CLANG_WARN_BLOCK_CAPTURE_AUTORELEASING = YES;
				CLANG_WARN_BOOL_CONVERSION = YES;
				CLANG_WARN_COMMA = YES;
				CLANG_WARN_CONSTANT_CONVERSION = YES;
				CLANG_WARN_DEPRECATED_OBJC_IMPLEMENTATIONS = YES;
				CLANG_WARN_DIRECT_OBJC_ISA_USAGE = YES_ERROR;
				CLANG_WARN_DOCUMENTATION_COMMENTS = YES;
				CLANG_WARN_EMPTY_BODY = YES;
				CLANG_WARN_ENUM_CONVERSION = YES;
				CLANG_WARN_INFINITE_RECURSION = YES;
				CLANG_WARN_INT_CONVERSION = YES;
				CLANG_WARN_NON_LITERAL_NULL_CONVERSION = YES;
				CLANG_WARN_OBJC_IMPLICIT_RETAIN_SELF = YES;
				CLANG_WARN_OBJC_LITERAL_CONVERSION = YES;
				CLANG_WARN_OBJC_ROOT_CLASS = YES_ERROR;
				CLANG_WARN_QUOTED_INCLUDE_IN_FRAMEWORK_HEADER = YES;
				CLANG_WARN_RANGE_LOOP_ANALYSIS = YES;
				CLANG_WARN_STRICT_PROTOTYPES = YES;
				CLANG_WARN_SUSPICIOUS_MOVE = YES;
				CLANG_WARN_UNGUARDED_AVAILABILITY = YES_AGGRESSIVE;
				CLANG_WARN_UNREACHABLE_CODE = YES;
				CLANG_WARN__DUPLICATE_METHOD_MATCH = YES;
				COPY_PHASE_STRIP = NO;
				DEBUG_INFORMATION_FORMAT = "dwarf-with-dsym";
				ENABLE_NS_ASSERTIONS = NO;
				ENABLE_STRICT_OBJC_MSGSEND = YES;
				ENABLE_USER_SCRIPT_SANDBOXING = YES;
				GCC_C_LANGUAGE_STANDARD = gnu17;
				GCC_NO_COMMON_BLOCKS = YES;
				GCC_WARN_64_TO_32_BIT_CONVERSION = YES;
				GCC_WARN_ABOUT_RETURN_TYPE = YES_ERROR;
				GCC_WARN_UNDECLARED_SELECTOR = YES;
				GCC_WARN_UNINITIALIZED_AUTOS = YES_AGGRESSIVE;
				GCC_WARN_UNUSED_FUNCTION = YES;
				GCC_WARN_UNUSED_VARIABLE = YES;
				IPHONEOS_DEPLOYMENT_TARGET = 18.4;
				LOCALIZATION_PREFERS_STRING_CATALOGS = YES;
				MTL_ENABLE_DEBUG_INFO = NO;
				MTL_FAST_MATH = YES;
				SDKROOT = iphoneos;
				SWIFT_COMPILATION_MODE = wholemodule;
				VALIDATE_PRODUCT = YES;
			};
			name = Release;
		};
		D94E85692DEC260F006F26F5 /* Debug */ = {
			isa = XCBuildConfiguration;
			buildSettings = {
				ASSETCATALOG_COMPILER_APPICON_NAME = AppIcon;
				ASSETCATALOG_COMPILER_GLOBAL_ACCENT_COLOR_NAME = AccentColor;
				CODE_SIGN_STYLE = Automatic;
				CURRENT_PROJECT_VERSION = 1;
				ENABLE_PREVIEWS = YES;
				GENERATE_INFOPLIST_FILE = YES;
				INFOPLIST_KEY_UIApplicationSceneManifest_Generation = YES;
				INFOPLIST_KEY_UIApplicationSupportsIndirectInputEvents = YES;
				INFOPLIST_KEY_UILaunchScreen_Generation = YES;
				INFOPLIST_KEY_UISupportedInterfaceOrientations_iPad = "UIInterfaceOrientationPortrait UIInterfaceOrientationPortraitUpsideDown UIInterfaceOrientationLandscapeLeft UIInterfaceOrientationLandscapeRight";
				INFOPLIST_KEY_UISupportedInterfaceOrientations_iPhone = "UIInterfaceOrientationPortrait UIInterfaceOrientationLandscapeLeft UIInterfaceOrientationLandscapeRight";
				LD_RUNPATH_SEARCH_PATHS = (
					"$(inherited)",
					"@executable_path/Frameworks",
				);
				MARKETING_VERSION = 1.0;
				PRODUCT_BUNDLE_IDENTIFIER = com.fujimori.TCAInspiredVIPER;
				PRODUCT_NAME = "$(TARGET_NAME)";
				SWIFT_EMIT_LOC_STRINGS = YES;
				SWIFT_VERSION = 6.0;
				TARGETED_DEVICE_FAMILY = "1,2";
			};
			name = Debug;
		};
		D94E856A2DEC260F006F26F5 /* Release */ = {
			isa = XCBuildConfiguration;
			buildSettings = {
				ASSETCATALOG_COMPILER_APPICON_NAME = AppIcon;
				ASSETCATALOG_COMPILER_GLOBAL_ACCENT_COLOR_NAME = AccentColor;
				CODE_SIGN_STYLE = Automatic;
				CURRENT_PROJECT_VERSION = 1;
				ENABLE_PREVIEWS = YES;
				GENERATE_INFOPLIST_FILE = YES;
				INFOPLIST_KEY_UIApplicationSceneManifest_Generation = YES;
				INFOPLIST_KEY_UIApplicationSupportsIndirectInputEvents = YES;
				INFOPLIST_KEY_UILaunchScreen_Generation = YES;
				INFOPLIST_KEY_UISupportedInterfaceOrientations_iPad = "UIInterfaceOrientationPortrait UIInterfaceOrientationPortraitUpsideDown UIInterfaceOrientationLandscapeLeft UIInterfaceOrientationLandscapeRight";
				INFOPLIST_KEY_UISupportedInterfaceOrientations_iPhone = "UIInterfaceOrientationPortrait UIInterfaceOrientationLandscapeLeft UIInterfaceOrientationLandscapeRight";
				LD_RUNPATH_SEARCH_PATHS = (
					"$(inherited)",
					"@executable_path/Frameworks",
				);
				MARKETING_VERSION = 1.0;
				PRODUCT_BUNDLE_IDENTIFIER = com.fujimori.TCAInspiredVIPER;
				PRODUCT_NAME = "$(TARGET_NAME)";
				SWIFT_EMIT_LOC_STRINGS = YES;
				SWIFT_VERSION = 6.0;
				TARGETED_DEVICE_FAMILY = "1,2";
			};
			name = Release;
		};
		D94E856C2DEC260F006F26F5 /* Debug */ = {
			isa = XCBuildConfiguration;
			buildSettings = {
				BUNDLE_LOADER = "$(TEST_HOST)";
				CODE_SIGN_STYLE = Automatic;
				CURRENT_PROJECT_VERSION = 1;
				GENERATE_INFOPLIST_FILE = YES;
				IPHONEOS_DEPLOYMENT_TARGET = 18.4;
				MARKETING_VERSION = 1.0;
				PRODUCT_BUNDLE_IDENTIFIER = com.fujimori.TCAInspiredVIPERTests;
				PRODUCT_NAME = "$(TARGET_NAME)";
				SWIFT_EMIT_LOC_STRINGS = NO;
				SWIFT_VERSION = 5.0;
				TARGETED_DEVICE_FAMILY = "1,2";
				TEST_HOST = "$(BUILT_PRODUCTS_DIR)/TCAInspiredVIPER.app/$(BUNDLE_EXECUTABLE_FOLDER_PATH)/TCAInspiredVIPER";
			};
			name = Debug;
		};
		D94E856D2DEC260F006F26F5 /* Release */ = {
			isa = XCBuildConfiguration;
			buildSettings = {
				BUNDLE_LOADER = "$(TEST_HOST)";
				CODE_SIGN_STYLE = Automatic;
				CURRENT_PROJECT_VERSION = 1;
				GENERATE_INFOPLIST_FILE = YES;
				IPHONEOS_DEPLOYMENT_TARGET = 18.4;
				MARKETING_VERSION = 1.0;
				PRODUCT_BUNDLE_IDENTIFIER = com.fujimori.TCAInspiredVIPERTests;
				PRODUCT_NAME = "$(TARGET_NAME)";
				SWIFT_EMIT_LOC_STRINGS = NO;
				SWIFT_VERSION = 5.0;
				TARGETED_DEVICE_FAMILY = "1,2";
				TEST_HOST = "$(BUILT_PRODUCTS_DIR)/TCAInspiredVIPER.app/$(BUNDLE_EXECUTABLE_FOLDER_PATH)/TCAInspiredVIPER";
			};
			name = Release;
		};
		D94E856F2DEC260F006F26F5 /* Debug */ = {
			isa = XCBuildConfiguration;
			buildSettings = {
				CODE_SIGN_STYLE = Automatic;
				CURRENT_PROJECT_VERSION = 1;
				GENERATE_INFOPLIST_FILE = YES;
				MARKETING_VERSION = 1.0;
				PRODUCT_BUNDLE_IDENTIFIER = com.fujimori.TCAInspiredVIPERUITests;
				PRODUCT_NAME = "$(TARGET_NAME)";
				SWIFT_EMIT_LOC_STRINGS = NO;
				SWIFT_VERSION = 5.0;
				TARGETED_DEVICE_FAMILY = "1,2";
				TEST_TARGET_NAME = TCAInspiredVIPER;
			};
			name = Debug;
		};
		D94E85702DEC260F006F26F5 /* Release */ = {
			isa = XCBuildConfiguration;
			buildSettings = {
				CODE_SIGN_STYLE = Automatic;
				CURRENT_PROJECT_VERSION = 1;
				GENERATE_INFOPLIST_FILE = YES;
				MARKETING_VERSION = 1.0;
				PRODUCT_BUNDLE_IDENTIFIER = com.fujimori.TCAInspiredVIPERUITests;
				PRODUCT_NAME = "$(TARGET_NAME)";
				SWIFT_EMIT_LOC_STRINGS = NO;
				SWIFT_VERSION = 5.0;
				TARGETED_DEVICE_FAMILY = "1,2";
				TEST_TARGET_NAME = TCAInspiredVIPER;
			};
			name = Release;
		};
/* End XCBuildConfiguration section */

/* Begin XCConfigurationList section */
		D94E85422DEC260A006F26F5 /* Build configuration list for PBXProject "TCAInspiredVIPER" */ = {
			isa = XCConfigurationList;
			buildConfigurations = (
				D94E85662DEC260F006F26F5 /* Debug */,
				D94E85672DEC260F006F26F5 /* Release */,
			);
			defaultConfigurationIsVisible = 0;
			defaultConfigurationName = Release;
		};
		D94E85682DEC260F006F26F5 /* Build configuration list for PBXNativeTarget "TCAInspiredVIPER" */ = {
			isa = XCConfigurationList;
			buildConfigurations = (
				D94E85692DEC260F006F26F5 /* Debug */,
				D94E856A2DEC260F006F26F5 /* Release */,
			);
			defaultConfigurationIsVisible = 0;
			defaultConfigurationName = Release;
		};
		D94E856B2DEC260F006F26F5 /* Build configuration list for PBXNativeTarget "TCAInspiredVIPERTests" */ = {
			isa = XCConfigurationList;
			buildConfigurations = (
				D94E856C2DEC260F006F26F5 /* Debug */,
				D94E856D2DEC260F006F26F5 /* Release */,
			);
			defaultConfigurationIsVisible = 0;
			defaultConfigurationName = Release;
		};
		D94E856E2DEC260F006F26F5 /* Build configuration list for PBXNativeTarget "TCAInspiredVIPERUITests" */ = {
			isa = XCConfigurationList;
			buildConfigurations = (
				D94E856F2DEC260F006F26F5 /* Debug */,
				D94E85702DEC260F006F26F5 /* Release */,
			);
			defaultConfigurationIsVisible = 0;
			defaultConfigurationName = Release;
		};
/* End XCConfigurationList section */
	};
	rootObject = D94E853F2DEC260A006F26F5 /* Project object */;
}
